
Microsoft Visual Studio Solution File, Format Version 12.00
# Visual Studio Version 17
VisualStudioVersion = 17.0.31903.59
MinimumVisualStudioVersion = 10.0.40219.1
Project("{9A19103F-16F7-4668-BE54-9A1E7A4F7556}") = "Editor", "src\Editor\Editor.csproj", "{F55C2804-2B1D-4893-B37A-DB5DB0D73E97}"
EndProject
Global
	GlobalSection(SolutionConfigurationPlatforms) = preSolution
		Debug|x64 = Debug|x64
		Release|x64 = Release|x64
	EndGlobalSection
	GlobalSection(ProjectConfigurationPlatforms) = postSolution
		{F55C2804-2B1D-4893-B37A-DB5DB0D73E97}.Debug|x64.ActiveCfg = Debug|x64
		{F55C2804-2B1D-4893-B37A-DB5DB0D73E97}.Debug|x64.Build.0 = Debug|x64
		{F55C2804-2B1D-4893-B37A-DB5DB0D73E97}.Release|x64.ActiveCfg = Release|x64
		{F55C2804-2B1D-4893-B37A-DB5DB0D73E97}.Release|x64.Build.0 = Release|x64
	EndGlobalSection
	GlobalSection(SolutionProperties) = preSolution
		HideSolutionNode = FALSE
	EndGlobalSection
	GlobalSection(ExtensibilityGlobals) = postSolution
		SolutionGuid = {C27889E0-3D53-4D0B-B9D2-044932F8BA4F}
	EndGlobalSection
EndGlobal
